
Microsoft Visual Studio Solution File, Format Version 12.00
# Visual Studio Version 16
VisualStudioVersion = 16.0.31321.278
MinimumVisualStudioVersion = 10.0.40219.1
Project("{9A19103F-16F7-4668-BE54-9A1E7A4F7556}") = "Faker", "Faker\Faker.csproj", "{AD91234C-6CF6-478F-890D-2F5BF62A4534}"
EndProject
Project("{9A19103F-16F7-4668-BE54-9A1E7A4F7556}") = "ULongGeneratorPlugin", "FloatGenerator\ULongGeneratorPlugin.csproj", "{54A8E122-4D97-4E7E-B21B-6B295715D14F}"
EndProject
Project("{9A19103F-16F7-4668-BE54-9A1E7A4F7556}") = "UIntGeneratorPlugin", "UIntGeneratorPlugin\UIntGeneratorPlugin.csproj", "{937FF176-F059-4888-9216-CDE37DBFD950}"
EndProject
Project("{FAE04EC0-301F-11D3-BF4B-00C04F79EFBC}") = "Tests", "Tests\Tests.csproj", "{3FCC616A-3006-43E7-8505-D23A1A8B5865}"
EndProject
Global
	GlobalSection(SolutionConfigurationPlatforms) = preSolution
		Debug|Any CPU = Debug|Any CPU
		Release|Any CPU = Release|Any CPU
	EndGlobalSection
	GlobalSection(ProjectConfigurationPlatforms) = postSolution
		{AD91234C-6CF6-478F-890D-2F5BF62A4534}.Debug|Any CPU.ActiveCfg = Debug|Any CPU
		{AD91234C-6CF6-478F-890D-2F5BF62A4534}.Debug|Any CPU.Build.0 = Debug|Any CPU
		{AD91234C-6CF6-478F-890D-2F5BF62A4534}.Release|Any CPU.ActiveCfg = Release|Any CPU
		{AD91234C-6CF6-478F-890D-2F5BF62A4534}.Release|Any CPU.Build.0 = Release|Any CPU
		{54A8E122-4D97-4E7E-B21B-6B295715D14F}.Debug|Any CPU.ActiveCfg = Debug|Any CPU
		{54A8E122-4D97-4E7E-B21B-6B295715D14F}.Debug|Any CPU.Build.0 = Debug|Any CPU
		{54A8E122-4D97-4E7E-B21B-6B295715D14F}.Release|Any CPU.ActiveCfg = Release|Any CPU
		{54A8E122-4D97-4E7E-B21B-6B295715D14F}.Release|Any CPU.Build.0 = Release|Any CPU
		{937FF176-F059-4888-9216-CDE37DBFD950}.Debug|Any CPU.ActiveCfg = Debug|Any CPU
		{937FF176-F059-4888-9216-CDE37DBFD950}.Debug|Any CPU.Build.0 = Debug|Any CPU
		{937FF176-F059-4888-9216-CDE37DBFD950}.Release|Any CPU.ActiveCfg = Release|Any CPU
		{937FF176-F059-4888-9216-CDE37DBFD950}.Release|Any CPU.Build.0 = Release|Any CPU
		{3FCC616A-3006-43E7-8505-D23A1A8B5865}.Debug|Any CPU.ActiveCfg = Debug|Any CPU
		{3FCC616A-3006-43E7-8505-D23A1A8B5865}.Debug|Any CPU.Build.0 = Debug|Any CPU
		{3FCC616A-3006-43E7-8505-D23A1A8B5865}.Release|Any CPU.ActiveCfg = Release|Any CPU
		{3FCC616A-3006-43E7-8505-D23A1A8B5865}.Release|Any CPU.Build.0 = Release|Any CPU
	EndGlobalSection
	GlobalSection(SolutionProperties) = preSolution
		HideSolutionNode = FALSE
	EndGlobalSection
	GlobalSection(ExtensibilityGlobals) = postSolution
		SolutionGuid = {D7601AF8-0459-4735-8E60-9598AC746D3C}
	EndGlobalSection
EndGlobal
